
Microsoft Visual Studio Solution File, Format Version 12.00
# Visual Studio Version 16
VisualStudioVersion = 16.0.29411.108
MinimumVisualStudioVersion = 10.0.40219.1
Project("{FAE04EC0-301F-11D3-BF4B-00C04F79EFBC}") = "ventaVehiculosModels", "ventaVehiculosModels.csproj", "{9F7824CE-66D9-4B8C-AC98-8C7EB5AD40EA}"
EndProject
Global
	GlobalSection(SolutionConfigurationPlatforms) = preSolution
		Debug|Any CPU = Debug|Any CPU
		Release|Any CPU = Release|Any CPU
	EndGlobalSection
	GlobalSection(ProjectConfigurationPlatforms) = postSolution
		{9F7824CE-66D9-4B8C-AC98-8C7EB5AD40EA}.Debug|Any CPU.ActiveCfg = Debug|Any CPU
		{9F7824CE-66D9-4B8C-AC98-8C7EB5AD40EA}.Debug|Any CPU.Build.0 = Debug|Any CPU
		{9F7824CE-66D9-4B8C-AC98-8C7EB5AD40EA}.Release|Any CPU.ActiveCfg = Release|Any CPU
		{9F7824CE-66D9-4B8C-AC98-8C7EB5AD40EA}.Release|Any CPU.Build.0 = Release|Any CPU
	EndGlobalSection
	GlobalSection(SolutionProperties) = preSolution
		HideSolutionNode = FALSE
	EndGlobalSection
	GlobalSection(ExtensibilityGlobals) = postSolution
		SolutionGuid = {050DF633-6B97-4DF2-837A-7C9D89D4C2CE}
	EndGlobalSection
EndGlobal
